[[package]]
name = "pyreadline"
version = "2.1"
description = "A python implmementation of GNU readline."
category = "main"
optional = false
python-versions = "*"

[[package]]
name = "pyserial"
version = "3.5"
description = "Python Serial Port Extension"
category = "main"
optional = false
python-versions = "*"

[package.extras]
cp2110 = ["hidapi"]

[[package]]
name = "pyudev"
version = "0.23.2"
description = "A libudev binding"
category = "main"
optional = false
python-versions = "*"

[package.dependencies]
six = "*"

[[package]]
name = "rshell"
version = "0.0.31"
description = "A remote shell for working with MicroPython boards."
category = "main"
optional = false
python-versions = "*"

[package.dependencies]
pyreadline = {version = "*", markers = "sys_platform == \"win32\""}
pyserial = "*"
pyudev = ">=0.16"

[[package]]
name = "six"
version = "1.16.0"
description = "Python 2 and 3 compatibility utilities"
category = "main"
optional = false
python-versions = ">=2.7, !=3.0.*, !=3.1.*, !=3.2.*"

[metadata]
lock-version = "1.1"
python-versions = "^3.8"
content-hash = "28e9807e15374402c56b358df0508f9e05105e23236af14b0f3bdb24eda0a185"

[metadata.files]
pyreadline = [
    {file = "pyreadline-2.1.win-amd64.exe", hash = "sha256:9ce5fa65b8992dfa373bddc5b6e0864ead8f291c94fbfec05fbd5c836162e67b"},
    {file = "pyreadline-2.1.win32.exe", hash = "sha256:65540c21bfe14405a3a77e4c085ecfce88724743a4ead47c66b84defcf82c32e"},
    {file = "pyreadline-2.1.zip", hash = "sha256:4530592fc2e85b25b1a9f79664433da09237c1a270e4d78ea5aa3a2c7229e2d1"},
]
pyserial = [
    {file = "pyserial-3.5-py2.py3-none-any.whl", hash = "sha256:c4451db6ba391ca6ca299fb3ec7bae67a5c55dde170964c7a14ceefec02f2cf0"},
    {file = "pyserial-3.5.tar.gz", hash = "sha256:3c77e014170dfffbd816e6ffc205e9842efb10be9f58ec16d3e8675b4925cddb"},
]
pyudev = [
    {file = "pyudev-0.23.2-py3-none-any.whl", hash = "sha256:50d94bef0669f9aabd323a2259be67e8d49b9ebab9eae27b2cf8262767f9a2ae"},
    {file = "pyudev-0.23.2.tar.gz", hash = "sha256:32ae3585b320a51bc283e0a04000fd8a25599edb44541e2f5034f6afee5d15cc"},
]
rshell = [
    {file = "rshell-0.0.31.tar.gz", hash = "sha256:7942b758a9ae5c6ff46516b0317f437dfce9f0721f3a3b635ebd501c9cd38fb9"},
]
six = [
    {file = "six-1.16.0-py2.py3-none-any.whl", hash = "sha256:8abb2f1d86890a2dfb989f9a77cfcfd3e47c2a354b01111771326f8aa26e0254"},
    {file = "six-1.16.0.tar.gz", hash = "sha256:1e61c37477a1626458e36f7b1d82aa5c9b094fa4802892072e49de9c60c4c926"},
]
